
Microsoft Visual Studio Solution File, Format Version 12.00
# Visual Studio Version 17
VisualStudioVersion = 17.0.31903.59
MinimumVisualStudioVersion = 10.0.40219.1
Project("{2150E333-8FDC-42A3-9474-1A3956D46DE8}") = "src", "src", "{DEBF16C6-4A39-4868-AC23-B513B1F0632F}"
EndProject
Project("{FAE04EC0-301F-11D3-BF4B-00C04F79EFBC}") = "ShaleFoods.Api", "src\ShaleFoods.Api\ShaleFoods.Api.csproj", "{8F2CFBEB-568C-4063-9A02-146CFE398244}"
EndProject
Project("{FAE04EC0-301F-11D3-BF4B-00C04F79EFBC}") = "ShaleFoods.Application", "src\ShaleFoods.Application\ShaleFoods.Application.csproj", "{7E769A06-F0D9-4F96-837F-7DC88EC3D1C7}"
EndProject
Project("{FAE04EC0-301F-11D3-BF4B-00C04F79EFBC}") = "ShaleFoods.Contracts", "src\ShaleFoods.Contracts\ShaleFoods.Contracts.csproj", "{A682B1C0-A5C1-4787-AB66-0B118C96151D}"
EndProject
Project("{FAE04EC0-301F-11D3-BF4B-00C04F79EFBC}") = "ShaleFoods.Domain", "src\ShaleFoods.Domain\ShaleFoods.Domain.csproj", "{5AACA540-698A-430A-A299-3FD951A36083}"
EndProject
Project("{FAE04EC0-301F-11D3-BF4B-00C04F79EFBC}") = "ShaleFoods.Infrastructure", "src\ShaleFoods.Infrastructure\ShaleFoods.Infrastructure.csproj", "{A8BB378D-2C89-4B70-8690-ED91A56CE46F}"
EndProject
Project("{2150E333-8FDC-42A3-9474-1A3956D46DE8}") = "tests", "tests", "{74A27FEE-9598-4280-AFBB-5780478DB36F}"
EndProject
Project("{FAE04EC0-301F-11D3-BF4B-00C04F79EFBC}") = "Application.UnitTests", "tests\Application.UnitTests\Application.UnitTests.csproj", "{AAD6F76C-E5BF-498E-A6A2-F7DBE9E01E20}"
EndProject
Project("{FAE04EC0-301F-11D3-BF4B-00C04F79EFBC}") = "Domain.UnitTests", "tests\Domain.UnitTests\Domain.UnitTests.csproj", "{5F8CCAC6-2955-4BEB-8C92-99702F0AB498}"
EndProject
Global
	GlobalSection(SolutionConfigurationPlatforms) = preSolution
		Debug|Any CPU = Debug|Any CPU
		Release|Any CPU = Release|Any CPU
	EndGlobalSection
	GlobalSection(SolutionProperties) = preSolution
		HideSolutionNode = FALSE
	EndGlobalSection
	GlobalSection(ProjectConfigurationPlatforms) = postSolution
		{8F2CFBEB-568C-4063-9A02-146CFE398244}.Debug|Any CPU.ActiveCfg = Debug|Any CPU
		{8F2CFBEB-568C-4063-9A02-146CFE398244}.Debug|Any CPU.Build.0 = Debug|Any CPU
		{8F2CFBEB-568C-4063-9A02-146CFE398244}.Release|Any CPU.ActiveCfg = Release|Any CPU
		{8F2CFBEB-568C-4063-9A02-146CFE398244}.Release|Any CPU.Build.0 = Release|Any CPU
		{7E769A06-F0D9-4F96-837F-7DC88EC3D1C7}.Debug|Any CPU.ActiveCfg = Debug|Any CPU
		{7E769A06-F0D9-4F96-837F-7DC88EC3D1C7}.Debug|Any CPU.Build.0 = Debug|Any CPU
		{7E769A06-F0D9-4F96-837F-7DC88EC3D1C7}.Release|Any CPU.ActiveCfg = Release|Any CPU
		{7E769A06-F0D9-4F96-837F-7DC88EC3D1C7}.Release|Any CPU.Build.0 = Release|Any CPU
		{A682B1C0-A5C1-4787-AB66-0B118C96151D}.Debug|Any CPU.ActiveCfg = Debug|Any CPU
		{A682B1C0-A5C1-4787-AB66-0B118C96151D}.Debug|Any CPU.Build.0 = Debug|Any CPU
		{A682B1C0-A5C1-4787-AB66-0B118C96151D}.Release|Any CPU.ActiveCfg = Release|Any CPU
		{A682B1C0-A5C1-4787-AB66-0B118C96151D}.Release|Any CPU.Build.0 = Release|Any CPU
		{5AACA540-698A-430A-A299-3FD951A36083}.Debug|Any CPU.ActiveCfg = Debug|Any CPU
		{5AACA540-698A-430A-A299-3FD951A36083}.Debug|Any CPU.Build.0 = Debug|Any CPU
		{5AACA540-698A-430A-A299-3FD951A36083}.Release|Any CPU.ActiveCfg = Release|Any CPU
		{5AACA540-698A-430A-A299-3FD951A36083}.Release|Any CPU.Build.0 = Release|Any CPU
		{A8BB378D-2C89-4B70-8690-ED91A56CE46F}.Debug|Any CPU.ActiveCfg = Debug|Any CPU
		{A8BB378D-2C89-4B70-8690-ED91A56CE46F}.Debug|Any CPU.Build.0 = Debug|Any CPU
		{A8BB378D-2C89-4B70-8690-ED91A56CE46F}.Release|Any CPU.ActiveCfg = Release|Any CPU
		{A8BB378D-2C89-4B70-8690-ED91A56CE46F}.Release|Any CPU.Build.0 = Release|Any CPU
		{AAD6F76C-E5BF-498E-A6A2-F7DBE9E01E20}.Debug|Any CPU.ActiveCfg = Debug|Any CPU
		{AAD6F76C-E5BF-498E-A6A2-F7DBE9E01E20}.Debug|Any CPU.Build.0 = Debug|Any CPU
		{AAD6F76C-E5BF-498E-A6A2-F7DBE9E01E20}.Release|Any CPU.ActiveCfg = Release|Any CPU
		{AAD6F76C-E5BF-498E-A6A2-F7DBE9E01E20}.Release|Any CPU.Build.0 = Release|Any CPU
		{5F8CCAC6-2955-4BEB-8C92-99702F0AB498}.Debug|Any CPU.ActiveCfg = Debug|Any CPU
		{5F8CCAC6-2955-4BEB-8C92-99702F0AB498}.Debug|Any CPU.Build.0 = Debug|Any CPU
		{5F8CCAC6-2955-4BEB-8C92-99702F0AB498}.Release|Any CPU.ActiveCfg = Release|Any CPU
		{5F8CCAC6-2955-4BEB-8C92-99702F0AB498}.Release|Any CPU.Build.0 = Release|Any CPU
	EndGlobalSection
	GlobalSection(NestedProjects) = preSolution
		{8F2CFBEB-568C-4063-9A02-146CFE398244} = {DEBF16C6-4A39-4868-AC23-B513B1F0632F}
		{7E769A06-F0D9-4F96-837F-7DC88EC3D1C7} = {DEBF16C6-4A39-4868-AC23-B513B1F0632F}
		{A682B1C0-A5C1-4787-AB66-0B118C96151D} = {DEBF16C6-4A39-4868-AC23-B513B1F0632F}
		{5AACA540-698A-430A-A299-3FD951A36083} = {DEBF16C6-4A39-4868-AC23-B513B1F0632F}
		{A8BB378D-2C89-4B70-8690-ED91A56CE46F} = {DEBF16C6-4A39-4868-AC23-B513B1F0632F}
		{AAD6F76C-E5BF-498E-A6A2-F7DBE9E01E20} = {74A27FEE-9598-4280-AFBB-5780478DB36F}
		{5F8CCAC6-2955-4BEB-8C92-99702F0AB498} = {74A27FEE-9598-4280-AFBB-5780478DB36F}
	EndGlobalSection
EndGlobal
