
Microsoft Visual Studio Solution File, Format Version 12.00
# Visual Studio Version 17
VisualStudioVersion = 17.0.31903.59
MinimumVisualStudioVersion = 10.0.40219.1
Project("{2150E333-8FDC-42A3-9474-1A3956D46DE8}") = "src", "src", "{8ED8727A-79E4-41B8-9B35-FAF59AF578DB}"
EndProject
Project("{2150E333-8FDC-42A3-9474-1A3956D46DE8}") = "tests", "tests", "{47C16E42-2069-4881-A096-46CD1C2A9D17}"
EndProject
Project("{FAE04EC0-301F-11D3-BF4B-00C04F79EFBC}") = "ShaleFoods.Api", "src\ShaleFoods.Api\ShaleFoods.Api.csproj", "{93341E6E-136A-4EAB-9D47-ABA04C30F308}"
EndProject
Project("{FAE04EC0-301F-11D3-BF4B-00C04F79EFBC}") = "ShaleFoods.Application", "src\ShaleFoods.Application\ShaleFoods.Application.csproj", "{71678C8D-E500-4682-9CC1-4673A2E89CD8}"
EndProject
Project("{FAE04EC0-301F-11D3-BF4B-00C04F79EFBC}") = "ShaleFoods.Contracts", "src\ShaleFoods.Contracts\ShaleFoods.Contracts.csproj", "{6D725747-88E6-4CDC-8650-AD761407DD95}"
EndProject
Project("{FAE04EC0-301F-11D3-BF4B-00C04F79EFBC}") = "ShaleFoods.Domain", "src\ShaleFoods.Domain\ShaleFoods.Domain.csproj", "{2A448D3A-5415-4270-B1F7-70C720C48108}"
EndProject
Project("{FAE04EC0-301F-11D3-BF4B-00C04F79EFBC}") = "ShaleFoods.Infrastructure", "src\ShaleFoods.Infrastructure\ShaleFoods.Infrastructure.csproj", "{BDDCD1D8-AA85-4940-B126-CD31DD321114}"
EndProject
Project("{FAE04EC0-301F-11D3-BF4B-00C04F79EFBC}") = "Application.UnitTests", "tests\Application.UnitTests\Application.UnitTests.csproj", "{F0CA4A7C-1184-48CB-8B6B-1869933ADB61}"
EndProject
Global
	GlobalSection(SolutionConfigurationPlatforms) = preSolution
		Debug|Any CPU = Debug|Any CPU
		Release|Any CPU = Release|Any CPU
	EndGlobalSection
	GlobalSection(SolutionProperties) = preSolution
		HideSolutionNode = FALSE
	EndGlobalSection
	GlobalSection(ProjectConfigurationPlatforms) = postSolution
		{93341E6E-136A-4EAB-9D47-ABA04C30F308}.Debug|Any CPU.ActiveCfg = Debug|Any CPU
		{93341E6E-136A-4EAB-9D47-ABA04C30F308}.Debug|Any CPU.Build.0 = Debug|Any CPU
		{93341E6E-136A-4EAB-9D47-ABA04C30F308}.Release|Any CPU.ActiveCfg = Release|Any CPU
		{93341E6E-136A-4EAB-9D47-ABA04C30F308}.Release|Any CPU.Build.0 = Release|Any CPU
		{71678C8D-E500-4682-9CC1-4673A2E89CD8}.Debug|Any CPU.ActiveCfg = Debug|Any CPU
		{71678C8D-E500-4682-9CC1-4673A2E89CD8}.Debug|Any CPU.Build.0 = Debug|Any CPU
		{71678C8D-E500-4682-9CC1-4673A2E89CD8}.Release|Any CPU.ActiveCfg = Release|Any CPU
		{71678C8D-E500-4682-9CC1-4673A2E89CD8}.Release|Any CPU.Build.0 = Release|Any CPU
		{6D725747-88E6-4CDC-8650-AD761407DD95}.Debug|Any CPU.ActiveCfg = Debug|Any CPU
		{6D725747-88E6-4CDC-8650-AD761407DD95}.Debug|Any CPU.Build.0 = Debug|Any CPU
		{6D725747-88E6-4CDC-8650-AD761407DD95}.Release|Any CPU.ActiveCfg = Release|Any CPU
		{6D725747-88E6-4CDC-8650-AD761407DD95}.Release|Any CPU.Build.0 = Release|Any CPU
		{2A448D3A-5415-4270-B1F7-70C720C48108}.Debug|Any CPU.ActiveCfg = Debug|Any CPU
		{2A448D3A-5415-4270-B1F7-70C720C48108}.Debug|Any CPU.Build.0 = Debug|Any CPU
		{2A448D3A-5415-4270-B1F7-70C720C48108}.Release|Any CPU.ActiveCfg = Release|Any CPU
		{2A448D3A-5415-4270-B1F7-70C720C48108}.Release|Any CPU.Build.0 = Release|Any CPU
		{BDDCD1D8-AA85-4940-B126-CD31DD321114}.Debug|Any CPU.ActiveCfg = Debug|Any CPU
		{BDDCD1D8-AA85-4940-B126-CD31DD321114}.Debug|Any CPU.Build.0 = Debug|Any CPU
		{BDDCD1D8-AA85-4940-B126-CD31DD321114}.Release|Any CPU.ActiveCfg = Release|Any CPU
		{BDDCD1D8-AA85-4940-B126-CD31DD321114}.Release|Any CPU.Build.0 = Release|Any CPU
		{F0CA4A7C-1184-48CB-8B6B-1869933ADB61}.Debug|Any CPU.ActiveCfg = Debug|Any CPU
		{F0CA4A7C-1184-48CB-8B6B-1869933ADB61}.Debug|Any CPU.Build.0 = Debug|Any CPU
		{F0CA4A7C-1184-48CB-8B6B-1869933ADB61}.Release|Any CPU.ActiveCfg = Release|Any CPU
		{F0CA4A7C-1184-48CB-8B6B-1869933ADB61}.Release|Any CPU.Build.0 = Release|Any CPU
	EndGlobalSection
	GlobalSection(NestedProjects) = preSolution
		{6D725747-88E6-4CDC-8650-AD761407DD95} = {8ED8727A-79E4-41B8-9B35-FAF59AF578DB}
		{F0CA4A7C-1184-48CB-8B6B-1869933ADB61} = {47C16E42-2069-4881-A096-46CD1C2A9D17}
		{BDDCD1D8-AA85-4940-B126-CD31DD321114} = {8ED8727A-79E4-41B8-9B35-FAF59AF578DB}
		{93341E6E-136A-4EAB-9D47-ABA04C30F308} = {8ED8727A-79E4-41B8-9B35-FAF59AF578DB}
		{71678C8D-E500-4682-9CC1-4673A2E89CD8} = {8ED8727A-79E4-41B8-9B35-FAF59AF578DB}
	EndGlobalSection
EndGlobal
